// !$*UTF8*$!
{
	archiveVersion = 1;
	classes = {
	};
	objectVersion = 46;
	objects = {

/* Begin PBXBuildFile section */
		532C5E431D9D5B4E0060DB1F /* Score.swift in Sources */ = {isa = PBXBuildFile; fileRef = 532C5E421D9D5B4E0060DB1F /* Score.swift */; };
		53A2992F1D9962EF00296D47 /* AppDelegate.swift in Sources */ = {isa = PBXBuildFile; fileRef = 53A2992E1D9962EF00296D47 /* AppDelegate.swift */; };
		53A299311D9962EF00296D47 /* ViewController.swift in Sources */ = {isa = PBXBuildFile; fileRef = 53A299301D9962EF00296D47 /* ViewController.swift */; };
		53A299361D9962EF00296D47 /* Assets.xcassets in Resources */ = {isa = PBXBuildFile; fileRef = 53A299351D9962EF00296D47 /* Assets.xcassets */; };
		53A299391D9962EF00296D47 /* LaunchScreen.storyboard in Resources */ = {isa = PBXBuildFile; fileRef = 53A299371D9962EF00296D47 /* LaunchScreen.storyboard */; };
		53A739431D9A9ECB001BA6B5 /* Main.storyboard in Resources */ = {isa = PBXBuildFile; fileRef = 53A739411D9A9ECB001BA6B5 /* Main.storyboard */; };
		53A739471D9BADE6001BA6B5 /* ViewController2.swift in Sources */ = {isa = PBXBuildFile; fileRef = 53A739461D9BADE6001BA6B5 /* ViewController2.swift */; };
		53B4D9F71D9D6433009203BB /* VersionUpdate.rtf in Resources */ = {isa = PBXBuildFile; fileRef = 53B4D9F61D9D6433009203BB /* VersionUpdate.rtf */; };
/* End PBXBuildFile section */

/* Begin PBXFileReference section */
		532C5E421D9D5B4E0060DB1F /* Score.swift */ = {isa = PBXFileReference; fileEncoding = 4; lastKnownFileType = sourcecode.swift; path = Score.swift; sourceTree = "<group>"; };
		53A2992B1D9962EF00296D47 /* CountPoint.app */ = {isa = PBXFileReference; explicitFileType = wrapper.application; includeInIndex = 0; path = CountPoint.app; sourceTree = BUILT_PRODUCTS_DIR; };
		53A2992E1D9962EF00296D47 /* AppDelegate.swift */ = {isa = PBXFileReference; lastKnownFileType = sourcecode.swift; path = AppDelegate.swift; sourceTree = "<group>"; };
		53A299301D9962EF00296D47 /* ViewController.swift */ = {isa = PBXFileReference; lastKnownFileType = sourcecode.swift; path = ViewController.swift; sourceTree = "<group>"; };
		53A299351D9962EF00296D47 /* Assets.xcassets */ = {isa = PBXFileReference; lastKnownFileType = folder.assetcatalog; path = Assets.xcassets; sourceTree = "<group>"; };
		53A299381D9962EF00296D47 /* Base */ = {isa = PBXFileReference; lastKnownFileType = file.storyboard; name = Base; path = Base.lproj/LaunchScreen.storyboard; sourceTree = "<group>"; };
		53A2993A1D9962EF00296D47 /* Info.plist */ = {isa = PBXFileReference; lastKnownFileType = text.plist.xml; path = Info.plist; sourceTree = "<group>"; };
		53A739421D9A9ECB001BA6B5 /* Base */ = {isa = PBXFileReference; lastKnownFileType = file.storyboard; name = Base; path = Base.lproj/Main.storyboard; sourceTree = "<group>"; };
		53A739461D9BADE6001BA6B5 /* ViewController2.swift */ = {isa = PBXFileReference; fileEncoding = 4; lastKnownFileType = sourcecode.swift; path = ViewController2.swift; sourceTree = "<group>"; };
		53B4D9F61D9D6433009203BB /* VersionUpdate.rtf */ = {isa = PBXFileReference; fileEncoding = 4; lastKnownFileType = text.rtf; path = VersionUpdate.rtf; sourceTree = "<group>"; };
/* End PBXFileReference section */

/* Begin PBXFrameworksBuildPhase section */
		53A299281D9962EF00296D47 /* Frameworks */ = {
			isa = PBXFrameworksBuildPhase;
			buildActionMask = 2147483647;
			files = (
			);
			runOnlyForDeploymentPostprocessing = 0;
		};
/* End PBXFrameworksBuildPhase section */

/* Begin PBXGroup section */
		53A299221D9962EF00296D47 = {
			isa = PBXGroup;
			children = (
				53A2992D1D9962EF00296D47 /* CountPoint */,
				53A2992C1D9962EF00296D47 /* Products */,
			);
			sourceTree = "<group>";
		};
		53A2992C1D9962EF00296D47 /* Products */ = {
			isa = PBXGroup;
			children = (
				53A2992B1D9962EF00296D47 /* CountPoint.app */,
			);
			name = Products;
			sourceTree = "<group>";
		};
		53A2992D1D9962EF00296D47 /* CountPoint */ = {
			isa = PBXGroup;
			children = (
				53A2992E1D9962EF00296D47 /* AppDelegate.swift */,
				53A299301D9962EF00296D47 /* ViewController.swift */,
				53A739461D9BADE6001BA6B5 /* ViewController2.swift */,
				53A739411D9A9ECB001BA6B5 /* Main.storyboard */,
				53A299351D9962EF00296D47 /* Assets.xcassets */,
				53A299371D9962EF00296D47 /* LaunchScreen.storyboard */,
				53A2993A1D9962EF00296D47 /* Info.plist */,
				532C5E421D9D5B4E0060DB1F /* Score.swift */,
				53B4D9F61D9D6433009203BB /* VersionUpdate.rtf */,
			);
			path = CountPoint;
			sourceTree = "<group>";
		};
/* End PBXGroup section */

/* Begin PBXNativeTarget section */
		53A2992A1D9962EF00296D47 /* CountPoint */ = {
			isa = PBXNativeTarget;
			buildConfigurationList = 53A2993D1D9962EF00296D47 /* Build configuration list for PBXNativeTarget "CountPoint" */;
			buildPhases = (
				53A299271D9962EF00296D47 /* Sources */,
				53A299281D9962EF00296D47 /* Frameworks */,
				53A299291D9962EF00296D47 /* Resources */,
			);
			buildRules = (
			);
			dependencies = (
			);
			name = CountPoint;
			productName = CountPoint;
			productReference = 53A2992B1D9962EF00296D47 /* CountPoint.app */;
			productType = "com.apple.product-type.application";
		};
/* End PBXNativeTarget section */

/* Begin PBXProject section */
		53A299231D9962EF00296D47 /* Project object */ = {
			isa = PBXProject;
			attributes = {
				LastSwiftUpdateCheck = 0800;
				LastUpgradeCheck = 0800;
				ORGANIZATIONNAME = "kamontat chantrachirathumrong";
				TargetAttributes = {
					53A2992A1D9962EF00296D47 = {
						CreatedOnToolsVersion = 8.0;
						DevelopmentTeam = 5RN9BG59ZL;
						ProvisioningStyle = Automatic;
					};
				};
			};
			buildConfigurationList = 53A299261D9962EF00296D47 /* Build configuration list for PBXProject "CountPoint" */;
			compatibilityVersion = "Xcode 3.2";
			developmentRegion = English;
			hasScannedForEncodings = 0;
			knownRegions = (
				en,
				Base,
			);
			mainGroup = 53A299221D9962EF00296D47;
			productRefGroup = 53A2992C1D9962EF00296D47 /* Products */;
			projectDirPath = "";
			projectRoot = "";
			targets = (
				53A2992A1D9962EF00296D47 /* CountPoint */,
			);
		};
/* End PBXProject section */

/* Begin PBXResourcesBuildPhase section */
		53A299291D9962EF00296D47 /* Resources */ = {
			isa = PBXResourcesBuildPhase;
			buildActionMask = 2147483647;
			files = (
				53B4D9F71D9D6433009203BB /* VersionUpdate.rtf in Resources */,
				53A739431D9A9ECB001BA6B5 /* Main.storyboard in Resources */,
				53A299391D9962EF00296D47 /* LaunchScreen.storyboard in Resources */,
				53A299361D9962EF00296D47 /* Assets.xcassets in Resources */,
			);
			runOnlyForDeploymentPostprocessing = 0;
		};
/* End PBXResourcesBuildPhase section */

/* Begin PBXSourcesBuildPhase section */
		53A299271D9962EF00296D47 /* Sources */ = {
			isa = PBXSourcesBuildPhase;
			buildActionMask = 2147483647;
			files = (
				53A299311D9962EF00296D47 /* ViewController.swift in Sources */,
				53A2992F1D9962EF00296D47 /* AppDelegate.swift in Sources */,
				532C5E431D9D5B4E0060DB1F /* Score.swift in Sources */,
				53A739471D9BADE6001BA6B5 /* ViewController2.swift in Sources */,
			);
			runOnlyForDeploymentPostprocessing = 0;
		};
/* End PBXSourcesBuildPhase section */

/* Begin PBXVariantGroup section */
		53A299371D9962EF00296D47 /* LaunchScreen.storyboard */ = {
			isa = PBXVariantGroup;
			children = (
				53A299381D9962EF00296D47 /* Base */,
			);
			name = LaunchScreen.storyboard;
			sourceTree = "<group>";
		};
		53A739411D9A9ECB001BA6B5 /* Main.storyboard */ = {
			isa = PBXVariantGroup;
			children = (
				53A739421D9A9ECB001BA6B5 /* Base */,
			);
			name = Main.storyboard;
			sourceTree = "<group>";
		};
/* End PBXVariantGroup section */

/* Begin XCBuildConfiguration section */
		53A2993B1D9962EF00296D47 /* Debug */ = {
			isa = XCBuildConfiguration;
			buildSettings = {
				ALWAYS_SEARCH_USER_PATHS = NO;
				CLANG_ANALYZER_NONNULL = YES;
				CLANG_CXX_LANGUAGE_STANDARD = "gnu++0x";
				CLANG_CXX_LIBRARY = "libc++";
				CLANG_ENABLE_MODULES = YES;
				CLANG_ENABLE_OBJC_ARC = YES;
				CLANG_WARN_BOOL_CONVERSION = YES;
				CLANG_WARN_CONSTANT_CONVERSION = YES;
				CLANG_WARN_DIRECT_OBJC_ISA_USAGE = YES_ERROR;
				CLANG_WARN_DOCUMENTATION_COMMENTS = YES;
				CLANG_WARN_EMPTY_BODY = YES;
				CLANG_WARN_ENUM_CONVERSION = YES;
				CLANG_WARN_INFINITE_RECURSION = YES;
				CLANG_WARN_INT_CONVERSION = YES;
				CLANG_WARN_OBJC_ROOT_CLASS = YES_ERROR;
				CLANG_WARN_SUSPICIOUS_MOVES = YES;
				CLANG_WARN_UNREACHABLE_CODE = YES;
				CLANG_WARN__DUPLICATE_METHOD_MATCH = YES;
				"CODE_SIGN_IDENTITY[sdk=iphoneos*]" = "iPhone Developer";
				COPY_PHASE_STRIP = NO;
				DEBUG_INFORMATION_FORMAT = dwarf;
				ENABLE_STRICT_OBJC_MSGSEND = YES;
				ENABLE_TESTABILITY = YES;
				GCC_C_LANGUAGE_STANDARD = gnu99;
				GCC_DYNAMIC_NO_PIC = NO;
				GCC_NO_COMMON_BLOCKS = YES;
				GCC_OPTIMIZATION_LEVEL = 0;
				GCC_PREPROCESSOR_DEFINITIONS = (
					"DEBUG=1",
					"$(inherited)",
				);
				GCC_WARN_64_TO_32_BIT_CONVERSION = YES;
				GCC_WARN_ABOUT_RETURN_TYPE = YES_ERROR;
				GCC_WARN_UNDECLARED_SELECTOR = YES;
				GCC_WARN_UNINITIALIZED_AUTOS = YES_AGGRESSIVE;
				GCC_WARN_UNUSED_FUNCTION = YES;
				GCC_WARN_UNUSED_VARIABLE = YES;
				IPHONEOS_DEPLOYMENT_TARGET = 10.0;
				MTL_ENABLE_DEBUG_INFO = YES;
				ONLY_ACTIVE_ARCH = YES;
				SDKROOT = iphoneos;
				SWIFT_ACTIVE_COMPILATION_CONDITIONS = DEBUG;
				SWIFT_OPTIMIZATION_LEVEL = "-Onone";
			};
			name = Debug;
		};
		53A2993C1D9962EF00296D47 /* Release */ = {
			isa = XCBuildConfiguration;
			buildSettings = {
				ALWAYS_SEARCH_USER_PATHS = NO;
				CLANG_ANALYZER_NONNULL = YES;
				CLANG_CXX_LANGUAGE_STANDARD = "gnu++0x";
				CLANG_CXX_LIBRARY = "libc++";
				CLANG_ENABLE_MODULES = YES;
				CLANG_ENABLE_OBJC_ARC = YES;
				CLANG_WARN_BOOL_CONVERSION = YES;
				CLANG_WARN_CONSTANT_CONVERSION = YES;
				CLANG_WARN_DIRECT_OBJC_ISA_USAGE = YES_ERROR;
				CLANG_WARN_DOCUMENTATION_COMMENTS = YES;
				CLANG_WARN_EMPTY_BODY = YES;
				CLANG_WARN_ENUM_CONVERSION = YES;
				CLANG_WARN_INFINITE_RECURSION = YES;
				CLANG_WARN_INT_CONVERSION = YES;
				CLANG_WARN_OBJC_ROOT_CLASS = YES_ERROR;
				CLANG_WARN_SUSPICIOUS_MOVES = YES;
				CLANG_WARN_UNREACHABLE_CODE = YES;
				CLANG_WARN__DUPLICATE_METHOD_MATCH = YES;
				"CODE_SIGN_IDENTITY[sdk=iphoneos*]" = "iPhone Developer";
				COPY_PHASE_STRIP = NO;
				DEBUG_INFORMATION_FORMAT = "dwarf-with-dsym";
				ENABLE_NS_ASSERTIONS = NO;
				ENABLE_STRICT_OBJC_MSGSEND = YES;
				GCC_C_LANGUAGE_STANDARD = gnu99;
				GCC_NO_COMMON_BLOCKS = YES;
				GCC_WARN_64_TO_32_BIT_CONVERSION = YES;
				GCC_WARN_ABOUT_RETURN_TYPE = YES_ERROR;
				GCC_WARN_UNDECLARED_SELECTOR = YES;
				GCC_WARN_UNINITIALIZED_AUTOS = YES_AGGRESSIVE;
				GCC_WARN_UNUSED_FUNCTION = YES;
				GCC_WARN_UNUSED_VARIABLE = YES;
				IPHONEOS_DEPLOYMENT_TARGET = 10.0;
				MTL_ENABLE_DEBUG_INFO = NO;
				SDKROOT = iphoneos;
				SWIFT_OPTIMIZATION_LEVEL = "-Owholemodule";
				VALIDATE_PRODUCT = YES;
			};
			name = Release;
		};
		53A2993E1D9962EF00296D47 /* Debug */ = {
			isa = XCBuildConfiguration;
			buildSettings = {
				ASSETCATALOG_COMPILER_APPICON_NAME = AppIcon;
				"CODE_SIGN_IDENTITY[sdk=iphoneos*]" = "iPhone Developer";
				DEVELOPMENT_TEAM = 5RN9BG59ZL;
				INFOPLIST_FILE = CountPoint/Info.plist;
				IPHONEOS_DEPLOYMENT_TARGET = 10.0;
				LD_RUNPATH_SEARCH_PATHS = "$(inherited) @executable_path/Frameworks";
				PRODUCT_BUNDLE_IDENTIFIER = com.Kamontat.CountPoint;
				PRODUCT_NAME = "$(TARGET_NAME)";
				SWIFT_VERSION = 3.0;
				TARGETED_DEVICE_FAMILY = 1;
			};
			name = Debug;
		};
		53A2993F1D9962EF00296D47 /* Release */ = {
			isa = XCBuildConfiguration;
			buildSettings = {
				ASSETCATALOG_COMPILER_APPICON_NAME = AppIcon;
				"CODE_SIGN_IDENTITY[sdk=iphoneos*]" = "iPhone Developer";
				DEVELOPMENT_TEAM = 5RN9BG59ZL;
				INFOPLIST_FILE = CountPoint/Info.plist;
				IPHONEOS_DEPLOYMENT_TARGET = 10.0;
				LD_RUNPATH_SEARCH_PATHS = "$(inherited) @executable_path/Frameworks";
				PRODUCT_BUNDLE_IDENTIFIER = com.Kamontat.CountPoint;
				PRODUCT_NAME = "$(TARGET_NAME)";
				SWIFT_VERSION = 3.0;
				TARGETED_DEVICE_FAMILY = 1;
			};
			name = Release;
		};
/* End XCBuildConfiguration section */

/* Begin XCConfigurationList section */
		53A299261D9962EF00296D47 /* Build configuration list for PBXProject "CountPoint" */ = {
			isa = XCConfigurationList;
			buildConfigurations = (
				53A2993B1D9962EF00296D47 /* Debug */,
				53A2993C1D9962EF00296D47 /* Release */,
			);
			defaultConfigurationIsVisible = 0;
			defaultConfigurationName = Release;
		};
		53A2993D1D9962EF00296D47 /* Build configuration list for PBXNativeTarget "CountPoint" */ = {
			isa = XCConfigurationList;
			buildConfigurations = (
				53A2993E1D9962EF00296D47 /* Debug */,
				53A2993F1D9962EF00296D47 /* Release */,
			);
			defaultConfigurationIsVisible = 0;
			defaultConfigurationName = Release;
		};
/* End XCConfigurationList section */
	};
	rootObject = 53A299231D9962EF00296D47 /* Project object */;
}
